// !$*UTF8*$!
{
	archiveVersion = 1;
	classes = {
	};
	objectVersion = 55;
	objects = {

/* Begin PBXBuildFile section */
		442E1D84BC1FC98A9ED6C641 /* Pods_demo_push_notification_iOS.framework in Frameworks */ = {isa = PBXBuildFile; fileRef = D5435836FBD7F57A87E03FB4 /* Pods_demo_push_notification_iOS.framework */; };
		C72AFA792A0A99FC00A84300 /* AppDelegate.swift in Sources */ = {isa = PBXBuildFile; fileRef = C72AFA782A0A99FC00A84300 /* AppDelegate.swift */; };
		C72AFA7B2A0A99FC00A84300 /* SceneDelegate.swift in Sources */ = {isa = PBXBuildFile; fileRef = C72AFA7A2A0A99FC00A84300 /* SceneDelegate.swift */; };
		C72AFA7D2A0A99FC00A84300 /* ViewController.swift in Sources */ = {isa = PBXBuildFile; fileRef = C72AFA7C2A0A99FC00A84300 /* ViewController.swift */; };
		C72AFA802A0A99FC00A84300 /* Main.storyboard in Resources */ = {isa = PBXBuildFile; fileRef = C72AFA7E2A0A99FC00A84300 /* Main.storyboard */; };
		C72AFA822A0A99FE00A84300 /* Assets.xcassets in Resources */ = {isa = PBXBuildFile; fileRef = C72AFA812A0A99FE00A84300 /* Assets.xcassets */; };
		C72AFA852A0A99FE00A84300 /* LaunchScreen.storyboard in Resources */ = {isa = PBXBuildFile; fileRef = C72AFA832A0A99FE00A84300 /* LaunchScreen.storyboard */; };
/* End PBXBuildFile section */

/* Begin PBXFileReference section */
		688124212058ACC152C2CECD /* Pods-demo-push-notification-iOS.release.xcconfig */ = {isa = PBXFileReference; includeInIndex = 1; lastKnownFileType = text.xcconfig; name = "Pods-demo-push-notification-iOS.release.xcconfig"; path = "Target Support Files/Pods-demo-push-notification-iOS/Pods-demo-push-notification-iOS.release.xcconfig"; sourceTree = "<group>"; };
		9520403364B469498C5991C8 /* Pods-demo-push-notification-iOS.debug.xcconfig */ = {isa = PBXFileReference; includeInIndex = 1; lastKnownFileType = text.xcconfig; name = "Pods-demo-push-notification-iOS.debug.xcconfig"; path = "Target Support Files/Pods-demo-push-notification-iOS/Pods-demo-push-notification-iOS.debug.xcconfig"; sourceTree = "<group>"; };
		C72AFA752A0A99FC00A84300 /* demo-push-notification-iOS.app */ = {isa = PBXFileReference; explicitFileType = wrapper.application; includeInIndex = 0; path = "demo-push-notification-iOS.app"; sourceTree = BUILT_PRODUCTS_DIR; };
		C72AFA782A0A99FC00A84300 /* AppDelegate.swift */ = {isa = PBXFileReference; lastKnownFileType = sourcecode.swift; path = AppDelegate.swift; sourceTree = "<group>"; };
		C72AFA7A2A0A99FC00A84300 /* SceneDelegate.swift */ = {isa = PBXFileReference; lastKnownFileType = sourcecode.swift; path = SceneDelegate.swift; sourceTree = "<group>"; };
		C72AFA7C2A0A99FC00A84300 /* ViewController.swift */ = {isa = PBXFileReference; lastKnownFileType = sourcecode.swift; path = ViewController.swift; sourceTree = "<group>"; };
		C72AFA7F2A0A99FC00A84300 /* Base */ = {isa = PBXFileReference; lastKnownFileType = file.storyboard; name = Base; path = Base.lproj/Main.storyboard; sourceTree = "<group>"; };
		C72AFA812A0A99FE00A84300 /* Assets.xcassets */ = {isa = PBXFileReference; lastKnownFileType = folder.assetcatalog; path = Assets.xcassets; sourceTree = "<group>"; };
		C72AFA842A0A99FE00A84300 /* Base */ = {isa = PBXFileReference; lastKnownFileType = file.storyboard; name = Base; path = Base.lproj/LaunchScreen.storyboard; sourceTree = "<group>"; };
		C72AFA862A0A99FE00A84300 /* Info.plist */ = {isa = PBXFileReference; lastKnownFileType = text.plist.xml; path = Info.plist; sourceTree = "<group>"; };
		C72AFA8C2A0A9A5E00A84300 /* demo-push-notification-iOS.entitlements */ = {isa = PBXFileReference; lastKnownFileType = text.plist.entitlements; path = "demo-push-notification-iOS.entitlements"; sourceTree = "<group>"; };
		D5435836FBD7F57A87E03FB4 /* Pods_demo_push_notification_iOS.framework */ = {isa = PBXFileReference; explicitFileType = wrapper.framework; includeInIndex = 0; path = Pods_demo_push_notification_iOS.framework; sourceTree = BUILT_PRODUCTS_DIR; };
/* End PBXFileReference section */

/* Begin PBXFrameworksBuildPhase section */
		C72AFA722A0A99FC00A84300 /* Frameworks */ = {
			isa = PBXFrameworksBuildPhase;
			buildActionMask = 2147483647;
			files = (
				442E1D84BC1FC98A9ED6C641 /* Pods_demo_push_notification_iOS.framework in Frameworks */,
			);
			runOnlyForDeploymentPostprocessing = 0;
		};
/* End PBXFrameworksBuildPhase section */

/* Begin PBXGroup section */
		177341E4D28D9077EA7BD382 /* Frameworks */ = {
			isa = PBXGroup;
			children = (
				D5435836FBD7F57A87E03FB4 /* Pods_demo_push_notification_iOS.framework */,
			);
			name = Frameworks;
			sourceTree = "<group>";
		};
		9F5B125DB02B68A4DE5CA5F7 /* Pods */ = {
			isa = PBXGroup;
			children = (
				9520403364B469498C5991C8 /* Pods-demo-push-notification-iOS.debug.xcconfig */,
				688124212058ACC152C2CECD /* Pods-demo-push-notification-iOS.release.xcconfig */,
			);
			path = Pods;
			sourceTree = "<group>";
		};
		C72AFA6C2A0A99FC00A84300 = {
			isa = PBXGroup;
			children = (
				C72AFA772A0A99FC00A84300 /* demo-push-notification-iOS */,
				C72AFA762A0A99FC00A84300 /* Products */,
				9F5B125DB02B68A4DE5CA5F7 /* Pods */,
				177341E4D28D9077EA7BD382 /* Frameworks */,
			);
			sourceTree = "<group>";
		};
		C72AFA762A0A99FC00A84300 /* Products */ = {
			isa = PBXGroup;
			children = (
				C72AFA752A0A99FC00A84300 /* demo-push-notification-iOS.app */,
			);
			name = Products;
			sourceTree = "<group>";
		};
		C72AFA772A0A99FC00A84300 /* demo-push-notification-iOS */ = {
			isa = PBXGroup;
			children = (
				C72AFA8C2A0A9A5E00A84300 /* demo-push-notification-iOS.entitlements */,
				C72AFA782A0A99FC00A84300 /* AppDelegate.swift */,
				C72AFA7A2A0A99FC00A84300 /* SceneDelegate.swift */,
				C72AFA7C2A0A99FC00A84300 /* ViewController.swift */,
				C72AFA7E2A0A99FC00A84300 /* Main.storyboard */,
				C72AFA812A0A99FE00A84300 /* Assets.xcassets */,
				C72AFA832A0A99FE00A84300 /* LaunchScreen.storyboard */,
				C72AFA862A0A99FE00A84300 /* Info.plist */,
			);
			path = "demo-push-notification-iOS";
			sourceTree = "<group>";
		};
/* End PBXGroup section */

/* Begin PBXNativeTarget section */
		C72AFA742A0A99FC00A84300 /* demo-push-notification-iOS */ = {
			isa = PBXNativeTarget;
			buildConfigurationList = C72AFA892A0A99FE00A84300 /* Build configuration list for PBXNativeTarget "demo-push-notification-iOS" */;
			buildPhases = (
				DF69CE9848FE79989BDB0930 /* [CP] Check Pods Manifest.lock */,
				C72AFA712A0A99FC00A84300 /* Sources */,
				C72AFA722A0A99FC00A84300 /* Frameworks */,
				C72AFA732A0A99FC00A84300 /* Resources */,
				70B2CF1840539F66EA1F6F5A /* [CP] Embed Pods Frameworks */,
			);
			buildRules = (
			);
			dependencies = (
			);
			name = "demo-push-notification-iOS";
			productName = "demo-push-notification-iOS";
			productReference = C72AFA752A0A99FC00A84300 /* demo-push-notification-iOS.app */;
			productType = "com.apple.product-type.application";
		};
/* End PBXNativeTarget section */

/* Begin PBXProject section */
		C72AFA6D2A0A99FC00A84300 /* Project object */ = {
			isa = PBXProject;
			attributes = {
				BuildIndependentTargetsInParallel = 1;
				LastSwiftUpdateCheck = 1320;
				LastUpgradeCheck = 1320;
				TargetAttributes = {
					C72AFA742A0A99FC00A84300 = {
						CreatedOnToolsVersion = 13.2.1;
					};
				};
			};
			buildConfigurationList = C72AFA702A0A99FC00A84300 /* Build configuration list for PBXProject "demo-push-notification-iOS" */;
			compatibilityVersion = "Xcode 13.0";
			developmentRegion = en;
			hasScannedForEncodings = 0;
			knownRegions = (
				en,
				Base,
			);
			mainGroup = C72AFA6C2A0A99FC00A84300;
			productRefGroup = C72AFA762A0A99FC00A84300 /* Products */;
			projectDirPath = "";
			projectRoot = "";
			targets = (
				C72AFA742A0A99FC00A84300 /* demo-push-notification-iOS */,
			);
		};
/* End PBXProject section */

/* Begin PBXResourcesBuildPhase section */
		C72AFA732A0A99FC00A84300 /* Resources */ = {
			isa = PBXResourcesBuildPhase;
			buildActionMask = 2147483647;
			files = (
				C72AFA852A0A99FE00A84300 /* LaunchScreen.storyboard in Resources */,
				C72AFA822A0A99FE00A84300 /* Assets.xcassets in Resources */,
				C72AFA802A0A99FC00A84300 /* Main.storyboard in Resources */,
			);
			runOnlyForDeploymentPostprocessing = 0;
		};
/* End PBXResourcesBuildPhase section */

/* Begin PBXShellScriptBuildPhase section */
		70B2CF1840539F66EA1F6F5A /* [CP] Embed Pods Frameworks */ = {
			isa = PBXShellScriptBuildPhase;
			buildActionMask = 2147483647;
			files = (
			);
			inputFileListPaths = (
				"${PODS_ROOT}/Target Support Files/Pods-demo-push-notification-iOS/Pods-demo-push-notification-iOS-frameworks-${CONFIGURATION}-input-files.xcfilelist",
			);
			name = "[CP] Embed Pods Frameworks";
			outputFileListPaths = (
				"${PODS_ROOT}/Target Support Files/Pods-demo-push-notification-iOS/Pods-demo-push-notification-iOS-frameworks-${CONFIGURATION}-output-files.xcfilelist",
			);
			runOnlyForDeploymentPostprocessing = 0;
			shellPath = /bin/sh;
			shellScript = "\"${PODS_ROOT}/Target Support Files/Pods-demo-push-notification-iOS/Pods-demo-push-notification-iOS-frameworks.sh\"\n";
			showEnvVarsInLog = 0;
		};
		DF69CE9848FE79989BDB0930 /* [CP] Check Pods Manifest.lock */ = {
			isa = PBXShellScriptBuildPhase;
			buildActionMask = 2147483647;
			files = (
			);
			inputFileListPaths = (
			);
			inputPaths = (
				"${PODS_PODFILE_DIR_PATH}/Podfile.lock",
				"${PODS_ROOT}/Manifest.lock",
			);
			name = "[CP] Check Pods Manifest.lock";
			outputFileListPaths = (
			);
			outputPaths = (
				"$(DERIVED_FILE_DIR)/Pods-demo-push-notification-iOS-checkManifestLockResult.txt",
			);
			runOnlyForDeploymentPostprocessing = 0;
			shellPath = /bin/sh;
			shellScript = "diff \"${PODS_PODFILE_DIR_PATH}/Podfile.lock\" \"${PODS_ROOT}/Manifest.lock\" > /dev/null\nif [ $? != 0 ] ; then\n    # print error to STDERR\n    echo \"error: The sandbox is not in sync with the Podfile.lock. Run 'pod install' or update your CocoaPods installation.\" >&2\n    exit 1\nfi\n# This output is used by Xcode 'outputs' to avoid re-running this script phase.\necho \"SUCCESS\" > \"${SCRIPT_OUTPUT_FILE_0}\"\n";
			showEnvVarsInLog = 0;
		};
/* End PBXShellScriptBuildPhase section */

/* Begin PBXSourcesBuildPhase section */
		C72AFA712A0A99FC00A84300 /* Sources */ = {
			isa = PBXSourcesBuildPhase;
			buildActionMask = 2147483647;
			files = (
				C72AFA7D2A0A99FC00A84300 /* ViewController.swift in Sources */,
				C72AFA792A0A99FC00A84300 /* AppDelegate.swift in Sources */,
				C72AFA7B2A0A99FC00A84300 /* SceneDelegate.swift in Sources */,
			);
			runOnlyForDeploymentPostprocessing = 0;
		};
/* End PBXSourcesBuildPhase section */

/* Begin PBXVariantGroup section */
		C72AFA7E2A0A99FC00A84300 /* Main.storyboard */ = {
			isa = PBXVariantGroup;
			children = (
				C72AFA7F2A0A99FC00A84300 /* Base */,
			);
			name = Main.storyboard;
			sourceTree = "<group>";
		};
		C72AFA832A0A99FE00A84300 /* LaunchScreen.storyboard */ = {
			isa = PBXVariantGroup;
			children = (
				C72AFA842A0A99FE00A84300 /* Base */,
			);
			name = LaunchScreen.storyboard;
			sourceTree = "<group>";
		};
/* End PBXVariantGroup section */

/* Begin XCBuildConfiguration section */
		C72AFA872A0A99FE00A84300 /* Debug */ = {
			isa = XCBuildConfiguration;
			buildSettings = {
				ALWAYS_SEARCH_USER_PATHS = NO;
				CLANG_ANALYZER_NONNULL = YES;
				CLANG_ANALYZER_NUMBER_OBJECT_CONVERSION = YES_AGGRESSIVE;
				CLANG_CXX_LANGUAGE_STANDARD = "gnu++17";
				CLANG_CXX_LIBRARY = "libc++";
				CLANG_ENABLE_MODULES = YES;
				CLANG_ENABLE_OBJC_ARC = YES;
				CLANG_ENABLE_OBJC_WEAK = YES;
				CLANG_WARN_BLOCK_CAPTURE_AUTORELEASING = YES;
				CLANG_WARN_BOOL_CONVERSION = YES;
				CLANG_WARN_COMMA = YES;
				CLANG_WARN_CONSTANT_CONVERSION = YES;
				CLANG_WARN_DEPRECATED_OBJC_IMPLEMENTATIONS = YES;
				CLANG_WARN_DIRECT_OBJC_ISA_USAGE = YES_ERROR;
				CLANG_WARN_DOCUMENTATION_COMMENTS = YES;
				CLANG_WARN_EMPTY_BODY = YES;
				CLANG_WARN_ENUM_CONVERSION = YES;
				CLANG_WARN_INFINITE_RECURSION = YES;
				CLANG_WARN_INT_CONVERSION = YES;
				CLANG_WARN_NON_LITERAL_NULL_CONVERSION = YES;
				CLANG_WARN_OBJC_IMPLICIT_RETAIN_SELF = YES;
				CLANG_WARN_OBJC_LITERAL_CONVERSION = YES;
				CLANG_WARN_OBJC_ROOT_CLASS = YES_ERROR;
				CLANG_WARN_QUOTED_INCLUDE_IN_FRAMEWORK_HEADER = YES;
				CLANG_WARN_RANGE_LOOP_ANALYSIS = YES;
				CLANG_WARN_STRICT_PROTOTYPES = YES;
				CLANG_WARN_SUSPICIOUS_MOVE = YES;
				CLANG_WARN_UNGUARDED_AVAILABILITY = YES_AGGRESSIVE;
				CLANG_WARN_UNREACHABLE_CODE = YES;
				CLANG_WARN__DUPLICATE_METHOD_MATCH = YES;
				COPY_PHASE_STRIP = NO;
				DEBUG_INFORMATION_FORMAT = dwarf;
				ENABLE_STRICT_OBJC_MSGSEND = YES;
				ENABLE_TESTABILITY = YES;
				GCC_C_LANGUAGE_STANDARD = gnu11;
				GCC_DYNAMIC_NO_PIC = NO;
				GCC_NO_COMMON_BLOCKS = YES;
				GCC_OPTIMIZATION_LEVEL = 0;
				GCC_PREPROCESSOR_DEFINITIONS = (
					"DEBUG=1",
					"$(inherited)",
				);
				GCC_WARN_64_TO_32_BIT_CONVERSION = YES;
				GCC_WARN_ABOUT_RETURN_TYPE = YES_ERROR;
				GCC_WARN_UNDECLARED_SELECTOR = YES;
				GCC_WARN_UNINITIALIZED_AUTOS = YES_AGGRESSIVE;
				GCC_WARN_UNUSED_FUNCTION = YES;
				GCC_WARN_UNUSED_VARIABLE = YES;
				IPHONEOS_DEPLOYMENT_TARGET = 15.2;
				MTL_ENABLE_DEBUG_INFO = INCLUDE_SOURCE;
				MTL_FAST_MATH = YES;
				ONLY_ACTIVE_ARCH = YES;
				SDKROOT = iphoneos;
				SWIFT_ACTIVE_COMPILATION_CONDITIONS = DEBUG;
				SWIFT_OPTIMIZATION_LEVEL = "-Onone";
			};
			name = Debug;
		};
		C72AFA882A0A99FE00A84300 /* Release */ = {
			isa = XCBuildConfiguration;
			buildSettings = {
				ALWAYS_SEARCH_USER_PATHS = NO;
				CLANG_ANALYZER_NONNULL = YES;
				CLANG_ANALYZER_NUMBER_OBJECT_CONVERSION = YES_AGGRESSIVE;
				CLANG_CXX_LANGUAGE_STANDARD = "gnu++17";
				CLANG_CXX_LIBRARY = "libc++";
				CLANG_ENABLE_MODULES = YES;
				CLANG_ENABLE_OBJC_ARC = YES;
				CLANG_ENABLE_OBJC_WEAK = YES;
				CLANG_WARN_BLOCK_CAPTURE_AUTORELEASING = YES;
				CLANG_WARN_BOOL_CONVERSION = YES;
				CLANG_WARN_COMMA = YES;
				CLANG_WARN_CONSTANT_CONVERSION = YES;
				CLANG_WARN_DEPRECATED_OBJC_IMPLEMENTATIONS = YES;
				CLANG_WARN_DIRECT_OBJC_ISA_USAGE = YES_ERROR;
				CLANG_WARN_DOCUMENTATION_COMMENTS = YES;
				CLANG_WARN_EMPTY_BODY = YES;
				CLANG_WARN_ENUM_CONVERSION = YES;
				CLANG_WARN_INFINITE_RECURSION = YES;
				CLANG_WARN_INT_CONVERSION = YES;
				CLANG_WARN_NON_LITERAL_NULL_CONVERSION = YES;
				CLANG_WARN_OBJC_IMPLICIT_RETAIN_SELF = YES;
				CLANG_WARN_OBJC_LITERAL_CONVERSION = YES;
				CLANG_WARN_OBJC_ROOT_CLASS = YES_ERROR;
				CLANG_WARN_QUOTED_INCLUDE_IN_FRAMEWORK_HEADER = YES;
				CLANG_WARN_RANGE_LOOP_ANALYSIS = YES;
				CLANG_WARN_STRICT_PROTOTYPES = YES;
				CLANG_WARN_SUSPICIOUS_MOVE = YES;
				CLANG_WARN_UNGUARDED_AVAILABILITY = YES_AGGRESSIVE;
				CLANG_WARN_UNREACHABLE_CODE = YES;
				CLANG_WARN__DUPLICATE_METHOD_MATCH = YES;
				COPY_PHASE_STRIP = NO;
				DEBUG_INFORMATION_FORMAT = "dwarf-with-dsym";
				ENABLE_NS_ASSERTIONS = NO;
				ENABLE_STRICT_OBJC_MSGSEND = YES;
				GCC_C_LANGUAGE_STANDARD = gnu11;
				GCC_NO_COMMON_BLOCKS = YES;
				GCC_WARN_64_TO_32_BIT_CONVERSION = YES;
				GCC_WARN_ABOUT_RETURN_TYPE = YES_ERROR;
				GCC_WARN_UNDECLARED_SELECTOR = YES;
				GCC_WARN_UNINITIALIZED_AUTOS = YES_AGGRESSIVE;
				GCC_WARN_UNUSED_FUNCTION = YES;
				GCC_WARN_UNUSED_VARIABLE = YES;
				IPHONEOS_DEPLOYMENT_TARGET = 15.2;
				MTL_ENABLE_DEBUG_INFO = NO;
				MTL_FAST_MATH = YES;
				SDKROOT = iphoneos;
				SWIFT_COMPILATION_MODE = wholemodule;
				SWIFT_OPTIMIZATION_LEVEL = "-O";
				VALIDATE_PRODUCT = YES;
			};
			name = Release;
		};
		C72AFA8A2A0A99FE00A84300 /* Debug */ = {
			isa = XCBuildConfiguration;
			baseConfigurationReference = 9520403364B469498C5991C8 /* Pods-demo-push-notification-iOS.debug.xcconfig */;
			buildSettings = {
				ASSETCATALOG_COMPILER_APPICON_NAME = AppIcon;
				ASSETCATALOG_COMPILER_GLOBAL_ACCENT_COLOR_NAME = AccentColor;
				CODE_SIGN_ENTITLEMENTS = "demo-push-notification-iOS/demo-push-notification-iOS.entitlements";
				CODE_SIGN_STYLE = Automatic;
				CURRENT_PROJECT_VERSION = 1;
				DEVELOPMENT_TEAM = N66HCPTXFG;
				GENERATE_INFOPLIST_FILE = YES;
				INFOPLIST_FILE = "demo-push-notification-iOS/Info.plist";
				INFOPLIST_KEY_UIApplicationSupportsIndirectInputEvents = YES;
				INFOPLIST_KEY_UILaunchStoryboardName = LaunchScreen;
				INFOPLIST_KEY_UIMainStoryboardFile = Main;
				INFOPLIST_KEY_UISupportedInterfaceOrientations_iPad = "UIInterfaceOrientationPortrait UIInterfaceOrientationPortraitUpsideDown UIInterfaceOrientationLandscapeLeft UIInterfaceOrientationLandscapeRight";
				INFOPLIST_KEY_UISupportedInterfaceOrientations_iPhone = "UIInterfaceOrientationPortrait UIInterfaceOrientationLandscapeLeft UIInterfaceOrientationLandscapeRight";
				LD_RUNPATH_SEARCH_PATHS = (
					"$(inherited)",
					"@executable_path/Frameworks",
				);
				MARKETING_VERSION = 1.0;
				PRODUCT_BUNDLE_IDENTIFIER = com.revechat.reve;
				PRODUCT_NAME = "$(TARGET_NAME)";
				SWIFT_EMIT_LOC_STRINGS = YES;
				SWIFT_VERSION = 5.0;
				TARGETED_DEVICE_FAMILY = "1,2";
			};
			name = Debug;
		};
		C72AFA8B2A0A99FE00A84300 /* Release */ = {
			isa = XCBuildConfiguration;
			baseConfigurationReference = 688124212058ACC152C2CECD /* Pods-demo-push-notification-iOS.release.xcconfig */;
			buildSettings = {
				ASSETCATALOG_COMPILER_APPICON_NAME = AppIcon;
				ASSETCATALOG_COMPILER_GLOBAL_ACCENT_COLOR_NAME = AccentColor;
				CODE_SIGN_ENTITLEMENTS = "demo-push-notification-iOS/demo-push-notification-iOS.entitlements";
				CODE_SIGN_STYLE = Automatic;
				CURRENT_PROJECT_VERSION = 1;
				DEVELOPMENT_TEAM = N66HCPTXFG;
				GENERATE_INFOPLIST_FILE = YES;
				INFOPLIST_FILE = "demo-push-notification-iOS/Info.plist";
				INFOPLIST_KEY_UIApplicationSupportsIndirectInputEvents = YES;
				INFOPLIST_KEY_UILaunchStoryboardName = LaunchScreen;
				INFOPLIST_KEY_UIMainStoryboardFile = Main;
				INFOPLIST_KEY_UISupportedInterfaceOrientations_iPad = "UIInterfaceOrientationPortrait UIInterfaceOrientationPortraitUpsideDown UIInterfaceOrientationLandscapeLeft UIInterfaceOrientationLandscapeRight";
				INFOPLIST_KEY_UISupportedInterfaceOrientations_iPhone = "UIInterfaceOrientationPortrait UIInterfaceOrientationLandscapeLeft UIInterfaceOrientationLandscapeRight";
				LD_RUNPATH_SEARCH_PATHS = (
					"$(inherited)",
					"@executable_path/Frameworks",
				);
				MARKETING_VERSION = 1.0;
				PRODUCT_BUNDLE_IDENTIFIER = com.revechat.reve;
				PRODUCT_NAME = "$(TARGET_NAME)";
				SWIFT_EMIT_LOC_STRINGS = YES;
				SWIFT_VERSION = 5.0;
				TARGETED_DEVICE_FAMILY = "1,2";
			};
			name = Release;
		};
/* End XCBuildConfiguration section */

/* Begin XCConfigurationList section */
		C72AFA702A0A99FC00A84300 /* Build configuration list for PBXProject "demo-push-notification-iOS" */ = {
			isa = XCConfigurationList;
			buildConfigurations = (
				C72AFA872A0A99FE00A84300 /* Debug */,
				C72AFA882A0A99FE00A84300 /* Release */,
			);
			defaultConfigurationIsVisible = 0;
			defaultConfigurationName = Release;
		};
		C72AFA892A0A99FE00A84300 /* Build configuration list for PBXNativeTarget "demo-push-notification-iOS" */ = {
			isa = XCConfigurationList;
			buildConfigurations = (
				C72AFA8A2A0A99FE00A84300 /* Debug */,
				C72AFA8B2A0A99FE00A84300 /* Release */,
			);
			defaultConfigurationIsVisible = 0;
			defaultConfigurationName = Release;
		};
/* End XCConfigurationList section */
	};
	rootObject = C72AFA6D2A0A99FC00A84300 /* Project object */;
}
